// !$*UTF8*$!
{
	archiveVersion = 1;
	classes = {
	};
	objectVersion = 46;
	objects = {

/* Begin PBXBuildFile section */
		AF5BE0DF1F893DE8006F3162 /* ConfigureSheet.xib in Resources */ = {isa = PBXBuildFile; fileRef = AF5BE0DE1F893DE8006F3162 /* ConfigureSheet.xib */; };
		AFC323FB1F8565DA00877EC2 /* A17TimeZones.m in Sources */ = {isa = PBXBuildFile; fileRef = D87E3F7D1A3DED8300B6BFF9 /* A17TimeZones.m */; };
		AFF7C80B1F8E832700979D10 /* thumbnail.png in Resources */ = {isa = PBXBuildFile; fileRef = AFF7C8091F8E832700979D10 /* thumbnail.png */; };
		AFF7C80C1F8E832700979D10 /* thumbnail@2x.png in Resources */ = {isa = PBXBuildFile; fileRef = AFF7C80A1F8E832700979D10 /* thumbnail@2x.png */; };
		D87E3F7C1A3DED8300B6BFF9 /* A17TimeZones.h in Headers */ = {isa = PBXBuildFile; fileRef = D87E3F7B1A3DED8300B6BFF9 /* A17TimeZones.h */; };
/* End PBXBuildFile section */

/* Begin PBXFileReference section */
		AF5BE0DE1F893DE8006F3162 /* ConfigureSheet.xib */ = {isa = PBXFileReference; fileEncoding = 4; lastKnownFileType = file.xib; name = ConfigureSheet.xib; path = ../ConfigureSheet.xib; sourceTree = "<group>"; };
		AFF7C8091F8E832700979D10 /* thumbnail.png */ = {isa = PBXFileReference; lastKnownFileType = image.png; path = thumbnail.png; sourceTree = "<group>"; };
		AFF7C80A1F8E832700979D10 /* thumbnail@2x.png */ = {isa = PBXFileReference; lastKnownFileType = image.png; path = "thumbnail@2x.png"; sourceTree = "<group>"; };
		D87E3F761A3DED8300B6BFF9 /* A17TimeZones.saver */ = {isa = PBXFileReference; explicitFileType = wrapper.cfbundle; includeInIndex = 0; path = A17TimeZones.saver; sourceTree = BUILT_PRODUCTS_DIR; };
		D87E3F7A1A3DED8300B6BFF9 /* Info.plist */ = {isa = PBXFileReference; lastKnownFileType = text.plist.xml; path = Info.plist; sourceTree = "<group>"; };
		D87E3F7B1A3DED8300B6BFF9 /* A17TimeZones.h */ = {isa = PBXFileReference; lastKnownFileType = sourcecode.c.h; path = A17TimeZones.h; sourceTree = "<group>"; };
		D87E3F7D1A3DED8300B6BFF9 /* A17TimeZones.m */ = {isa = PBXFileReference; lastKnownFileType = sourcecode.c.objc; path = A17TimeZones.m; sourceTree = "<group>"; };
/* End PBXFileReference section */

/* Begin PBXFrameworksBuildPhase section */
		D87E3F721A3DED8300B6BFF9 /* Frameworks */ = {
			isa = PBXFrameworksBuildPhase;
			buildActionMask = 2147483647;
			files = (
			);
			runOnlyForDeploymentPostprocessing = 0;
		};
/* End PBXFrameworksBuildPhase section */

/* Begin PBXGroup section */
		D87E3F6C1A3DED8300B6BFF9 = {
			isa = PBXGroup;
			children = (
				D87E3F781A3DED8300B6BFF9 /* A17TimeZones */,
				D87E3F771A3DED8300B6BFF9 /* Products */,
			);
			sourceTree = "<group>";
		};
		D87E3F771A3DED8300B6BFF9 /* Products */ = {
			isa = PBXGroup;
			children = (
				D87E3F761A3DED8300B6BFF9 /* A17TimeZones.saver */,
			);
			name = Products;
			sourceTree = "<group>";
		};
		D87E3F781A3DED8300B6BFF9 /* A17TimeZones */ = {
			isa = PBXGroup;
			children = (
				AFF7C8091F8E832700979D10 /* thumbnail.png */,
				AFF7C80A1F8E832700979D10 /* thumbnail@2x.png */,
				AF5BE0DE1F893DE8006F3162 /* ConfigureSheet.xib */,
				D87E3F7B1A3DED8300B6BFF9 /* A17TimeZones.h */,
				D87E3F7D1A3DED8300B6BFF9 /* A17TimeZones.m */,
				D87E3F791A3DED8300B6BFF9 /* Supporting Files */,
			);
			path = A17TimeZones;
			sourceTree = "<group>";
		};
		D87E3F791A3DED8300B6BFF9 /* Supporting Files */ = {
			isa = PBXGroup;
			children = (
				D87E3F7A1A3DED8300B6BFF9 /* Info.plist */,
			);
			name = "Supporting Files";
			sourceTree = "<group>";
		};
/* End PBXGroup section */

/* Begin PBXHeadersBuildPhase section */
		D87E3F731A3DED8300B6BFF9 /* Headers */ = {
			isa = PBXHeadersBuildPhase;
			buildActionMask = 2147483647;
			files = (
				D87E3F7C1A3DED8300B6BFF9 /* A17TimeZones.h in Headers */,
			);
			runOnlyForDeploymentPostprocessing = 0;
		};
/* End PBXHeadersBuildPhase section */

/* Begin PBXNativeTarget section */
		D87E3F751A3DED8300B6BFF9 /* A17TimeZones */ = {
			isa = PBXNativeTarget;
			buildConfigurationList = D87E3F811A3DED8300B6BFF9 /* Build configuration list for PBXNativeTarget "A17TimeZones" */;
			buildPhases = (
				D87E3F711A3DED8300B6BFF9 /* Sources */,
				D87E3F721A3DED8300B6BFF9 /* Frameworks */,
				D87E3F731A3DED8300B6BFF9 /* Headers */,
				D87E3F741A3DED8300B6BFF9 /* Resources */,
			);
			buildRules = (
			);
			dependencies = (
			);
			name = A17TimeZones;
			productName = A17TimeZones;
			productReference = D87E3F761A3DED8300B6BFF9 /* A17TimeZones.saver */;
			productType = "com.apple.product-type.bundle";
		};
/* End PBXNativeTarget section */

/* Begin PBXProject section */
		D87E3F6D1A3DED8300B6BFF9 /* Project object */ = {
			isa = PBXProject;
			attributes = {
				LastUpgradeCheck = 1250;
				ORGANIZATIONNAME = "Mike Byrne";
				TargetAttributes = {
					D87E3F751A3DED8300B6BFF9 = {
						CreatedOnToolsVersion = 6.1.1;
					};
				};
			};
			buildConfigurationList = D87E3F701A3DED8300B6BFF9 /* Build configuration list for PBXProject "A17TimeZones" */;
			compatibilityVersion = "Xcode 3.2";
			developmentRegion = en;
			hasScannedForEncodings = 0;
			knownRegions = (
				en,
				Base,
			);
			mainGroup = D87E3F6C1A3DED8300B6BFF9;
			productRefGroup = D87E3F771A3DED8300B6BFF9 /* Products */;
			projectDirPath = "";
			projectRoot = "";
			targets = (
				D87E3F751A3DED8300B6BFF9 /* A17TimeZones */,
			);
		};
/* End PBXProject section */

/* Begin PBXResourcesBuildPhase section */
		D87E3F741A3DED8300B6BFF9 /* Resources */ = {
			isa = PBXResourcesBuildPhase;
			buildActionMask = 2147483647;
			files = (
				AF5BE0DF1F893DE8006F3162 /* ConfigureSheet.xib in Resources */,
				AFF7C80C1F8E832700979D10 /* thumbnail@2x.png in Resources */,
				AFF7C80B1F8E832700979D10 /* thumbnail.png in Resources */,
			);
			runOnlyForDeploymentPostprocessing = 0;
		};
/* End PBXResourcesBuildPhase section */

/* Begin PBXSourcesBuildPhase section */
		D87E3F711A3DED8300B6BFF9 /* Sources */ = {
			isa = PBXSourcesBuildPhase;
			buildActionMask = 2147483647;
			files = (
				AFC323FB1F8565DA00877EC2 /* A17TimeZones.m in Sources */,
			);
			runOnlyForDeploymentPostprocessing = 0;
		};
/* End PBXSourcesBuildPhase section */

/* Begin XCBuildConfiguration section */
		D87E3F7F1A3DED8300B6BFF9 /* Debug */ = {
			isa = XCBuildConfiguration;
			buildSettings = {
				ALWAYS_SEARCH_USER_PATHS = NO;
				CLANG_ANALYZER_LOCALIZABILITY_NONLOCALIZED = YES;
				CLANG_CXX_LANGUAGE_STANDARD = "gnu++0x";
				CLANG_CXX_LIBRARY = "libc++";
				CLANG_ENABLE_MODULES = YES;
				CLANG_ENABLE_OBJC_ARC = YES;
				CLANG_WARN_BLOCK_CAPTURE_AUTORELEASING = YES;
				CLANG_WARN_BOOL_CONVERSION = YES;
				CLANG_WARN_COMMA = YES;
				CLANG_WARN_CONSTANT_CONVERSION = YES;
				CLANG_WARN_DEPRECATED_OBJC_IMPLEMENTATIONS = YES;
				CLANG_WARN_DIRECT_OBJC_ISA_USAGE = YES_ERROR;
				CLANG_WARN_EMPTY_BODY = YES;
				CLANG_WARN_ENUM_CONVERSION = YES;
				CLANG_WARN_INFINITE_RECURSION = YES;
				CLANG_WARN_INT_CONVERSION = YES;
				CLANG_WARN_NON_LITERAL_NULL_CONVERSION = YES;
				CLANG_WARN_OBJC_IMPLICIT_RETAIN_SELF = YES;
				CLANG_WARN_OBJC_LITERAL_CONVERSION = YES;
				CLANG_WARN_OBJC_ROOT_CLASS = YES_ERROR;
				CLANG_WARN_QUOTED_INCLUDE_IN_FRAMEWORK_HEADER = YES;
				CLANG_WARN_RANGE_LOOP_ANALYSIS = YES;
				CLANG_WARN_STRICT_PROTOTYPES = YES;
				CLANG_WARN_SUSPICIOUS_MOVE = YES;
				CLANG_WARN_UNREACHABLE_CODE = YES;
				CLANG_WARN__DUPLICATE_METHOD_MATCH = YES;
				COPY_PHASE_STRIP = NO;
				ENABLE_STRICT_OBJC_MSGSEND = YES;
				ENABLE_TESTABILITY = YES;
				GCC_C_LANGUAGE_STANDARD = gnu99;
				GCC_DYNAMIC_NO_PIC = NO;
				GCC_NO_COMMON_BLOCKS = YES;
				GCC_OPTIMIZATION_LEVEL = 0;
				GCC_PREPROCESSOR_DEFINITIONS = (
					"DEBUG=1",
					"$(inherited)",
				);
				GCC_SYMBOLS_PRIVATE_EXTERN = NO;
				GCC_WARN_64_TO_32_BIT_CONVERSION = YES;
				GCC_WARN_ABOUT_RETURN_TYPE = YES_ERROR;
				GCC_WARN_UNDECLARED_SELECTOR = YES;
				GCC_WARN_UNINITIALIZED_AUTOS = YES_AGGRESSIVE;
				GCC_WARN_UNUSED_FUNCTION = YES;
				GCC_WARN_UNUSED_VARIABLE = YES;
				MACOSX_DEPLOYMENT_TARGET = 10.10;
				MTL_ENABLE_DEBUG_INFO = YES;
				ONLY_ACTIVE_ARCH = YES;
				SDKROOT = macosx;
			};
			name = Debug;
		};
		D87E3F801A3DED8300B6BFF9 /* Release */ = {
			isa = XCBuildConfiguration;
			buildSettings = {
				ALWAYS_SEARCH_USER_PATHS = NO;
				CLANG_ANALYZER_LOCALIZABILITY_NONLOCALIZED = YES;
				CLANG_CXX_LANGUAGE_STANDARD = "gnu++0x";
				CLANG_CXX_LIBRARY = "libc++";
				CLANG_ENABLE_MODULES = YES;
				CLANG_ENABLE_OBJC_ARC = YES;
				CLANG_WARN_BLOCK_CAPTURE_AUTORELEASING = YES;
				CLANG_WARN_BOOL_CONVERSION = YES;
				CLANG_WARN_COMMA = YES;
				CLANG_WARN_CONSTANT_CONVERSION = YES;
				CLANG_WARN_DEPRECATED_OBJC_IMPLEMENTATIONS = YES;
				CLANG_WARN_DIRECT_OBJC_ISA_USAGE = YES_ERROR;
				CLANG_WARN_EMPTY_BODY = YES;
				CLANG_WARN_ENUM_CONVERSION = YES;
				CLANG_WARN_INFINITE_RECURSION = YES;
				CLANG_WARN_INT_CONVERSION = YES;
				CLANG_WARN_NON_LITERAL_NULL_CONVERSION = YES;
				CLANG_WARN_OBJC_IMPLICIT_RETAIN_SELF = YES;
				CLANG_WARN_OBJC_LITERAL_CONVERSION = YES;
				CLANG_WARN_OBJC_ROOT_CLASS = YES_ERROR;
				CLANG_WARN_QUOTED_INCLUDE_IN_FRAMEWORK_HEADER = YES;
				CLANG_WARN_RANGE_LOOP_ANALYSIS = YES;
				CLANG_WARN_STRICT_PROTOTYPES = YES;
				CLANG_WARN_SUSPICIOUS_MOVE = YES;
				CLANG_WARN_UNREACHABLE_CODE = YES;
				CLANG_WARN__DUPLICATE_METHOD_MATCH = YES;
				COPY_PHASE_STRIP = YES;
				DEBUG_INFORMATION_FORMAT = "dwarf-with-dsym";
				ENABLE_NS_ASSERTIONS = NO;
				ENABLE_STRICT_OBJC_MSGSEND = YES;
				GCC_C_LANGUAGE_STANDARD = gnu99;
				GCC_NO_COMMON_BLOCKS = YES;
				GCC_WARN_64_TO_32_BIT_CONVERSION = YES;
				GCC_WARN_ABOUT_RETURN_TYPE = YES_ERROR;
				GCC_WARN_UNDECLARED_SELECTOR = YES;
				GCC_WARN_UNINITIALIZED_AUTOS = YES_AGGRESSIVE;
				GCC_WARN_UNUSED_FUNCTION = YES;
				GCC_WARN_UNUSED_VARIABLE = YES;
				MACOSX_DEPLOYMENT_TARGET = 10.10;
				MTL_ENABLE_DEBUG_INFO = NO;
				SDKROOT = macosx;
			};
			name = Release;
		};
		D87E3F821A3DED8300B6BFF9 /* Debug */ = {
			isa = XCBuildConfiguration;
			buildSettings = {
				COMBINE_HIDPI_IMAGES = YES;
				INFOPLIST_FILE = A17TimeZones/Info.plist;
				INSTALL_PATH = "$(HOME)/Library/Screen Savers";
				MACOSX_DEPLOYMENT_TARGET = 10.10;
				PRODUCT_BUNDLE_IDENTIFIER = A17TimeZones;
				PRODUCT_NAME = "$(TARGET_NAME)";
				WRAPPER_EXTENSION = saver;
			};
			name = Debug;
		};
		D87E3F831A3DED8300B6BFF9 /* Release */ = {
			isa = XCBuildConfiguration;
			buildSettings = {
				COMBINE_HIDPI_IMAGES = YES;
				INFOPLIST_FILE = A17TimeZones/Info.plist;
				INSTALL_PATH = "$(HOME)/Library/Screen Savers";
				MACOSX_DEPLOYMENT_TARGET = 10.10;
				PRODUCT_BUNDLE_IDENTIFIER = A17TimeZones;
				PRODUCT_NAME = "$(TARGET_NAME)";
				WRAPPER_EXTENSION = saver;
			};
			name = Release;
		};
/* End XCBuildConfiguration section */

/* Begin XCConfigurationList section */
		D87E3F701A3DED8300B6BFF9 /* Build configuration list for PBXProject "A17TimeZones" */ = {
			isa = XCConfigurationList;
			buildConfigurations = (
				D87E3F7F1A3DED8300B6BFF9 /* Debug */,
				D87E3F801A3DED8300B6BFF9 /* Release */,
			);
			defaultConfigurationIsVisible = 0;
			defaultConfigurationName = Release;
		};
		D87E3F811A3DED8300B6BFF9 /* Build configuration list for PBXNativeTarget "A17TimeZones" */ = {
			isa = XCConfigurationList;
			buildConfigurations = (
				D87E3F821A3DED8300B6BFF9 /* Debug */,
				D87E3F831A3DED8300B6BFF9 /* Release */,
			);
			defaultConfigurationIsVisible = 0;
			defaultConfigurationName = Release;
		};
/* End XCConfigurationList section */
	};
	rootObject = D87E3F6D1A3DED8300B6BFF9 /* Project object */;
}
